
Microsoft Visual Studio Solution File, Format Version 12.00
# Visual Studio Version 16
VisualStudioVersion = 16.0.29926.136
MinimumVisualStudioVersion = 10.0.40219.1
Project("{FAE04EC0-301F-11D3-BF4B-00C04F79EFBC}") = "QuanLyNhanSu2", "QuanLyNhanSu2\QuanLyNhanSu2.csproj", "{3C47CB2F-6D9B-4271-A60C-F51DBA7EADC5}"
EndProject
Project("{FAE04EC0-301F-11D3-BF4B-00C04F79EFBC}") = "Base", "Base\Base.csproj", "{9E7864C8-E738-4EE8-946B-9FEBF5341B50}"
EndProject
Global
	GlobalSection(SolutionConfigurationPlatforms) = preSolution
		Debug|Any CPU = Debug|Any CPU
		Debug|x86 = Debug|x86
		Release|Any CPU = Release|Any CPU
		Release|x86 = Release|x86
	EndGlobalSection
	GlobalSection(ProjectConfigurationPlatforms) = postSolution
		{3C47CB2F-6D9B-4271-A60C-F51DBA7EADC5}.Debug|Any CPU.ActiveCfg = Debug|x86
		{3C47CB2F-6D9B-4271-A60C-F51DBA7EADC5}.Debug|x86.ActiveCfg = Debug|x86
		{3C47CB2F-6D9B-4271-A60C-F51DBA7EADC5}.Debug|x86.Build.0 = Debug|x86
		{3C47CB2F-6D9B-4271-A60C-F51DBA7EADC5}.Release|Any CPU.ActiveCfg = Release|x86
		{3C47CB2F-6D9B-4271-A60C-F51DBA7EADC5}.Release|x86.ActiveCfg = Release|x86
		{3C47CB2F-6D9B-4271-A60C-F51DBA7EADC5}.Release|x86.Build.0 = Release|x86
		{9E7864C8-E738-4EE8-946B-9FEBF5341B50}.Debug|Any CPU.ActiveCfg = Debug|Any CPU
		{9E7864C8-E738-4EE8-946B-9FEBF5341B50}.Debug|Any CPU.Build.0 = Debug|Any CPU
		{9E7864C8-E738-4EE8-946B-9FEBF5341B50}.Debug|x86.ActiveCfg = Debug|Any CPU
		{9E7864C8-E738-4EE8-946B-9FEBF5341B50}.Debug|x86.Build.0 = Debug|Any CPU
		{9E7864C8-E738-4EE8-946B-9FEBF5341B50}.Release|Any CPU.ActiveCfg = Release|Any CPU
		{9E7864C8-E738-4EE8-946B-9FEBF5341B50}.Release|Any CPU.Build.0 = Release|Any CPU
		{9E7864C8-E738-4EE8-946B-9FEBF5341B50}.Release|x86.ActiveCfg = Release|Any CPU
		{9E7864C8-E738-4EE8-946B-9FEBF5341B50}.Release|x86.Build.0 = Release|Any CPU
	EndGlobalSection
	GlobalSection(SolutionProperties) = preSolution
		HideSolutionNode = FALSE
	EndGlobalSection
	GlobalSection(ExtensibilityGlobals) = postSolution
		SolutionGuid = {82A90B48-F04F-466D-B468-3E596C582C53}
	EndGlobalSection
EndGlobal
